{
    "_meta": {
        "hash": {
            "sha256": "ea7fd1dee8e1196c74d87b97746c38086f97af50ae3bad2666dbaf034a95ace1"
        },
        "pipfile-spec": 6,
        "requires": {
            "python_version": "3.9"
        },
        "sources": [
            {
                "name": "pypi",
                "url": "https://pypi.org/simple",
                "verify_ssl": true
            }
        ]
    },
    "default": {
        "asgiref": {
            "hashes": [
                "sha256:2f8abc20f7248433085eda803936d98992f1343ddb022065779f37c5da0181d0",
                "sha256:88d59c13d634dcffe0510be048210188edd79aeccb6a6c9028cdad6f31d730a9"
            ],
            "markers": "python_version >= '3.7'",
            "version": "==3.5.0"
        },
        "attrs": {
            "hashes": [
                "sha256:2d27e3784d7a565d36ab851fe94887c5eccd6a463168875832a1be79c82828b4",
                "sha256:626ba8234211db98e869df76230a137c4c40a12d72445c45d5f5b716f076e2fd"
            ],
            "markers": "python_version >= '2.7' and python_version not in '3.0, 3.1, 3.2, 3.3, 3.4'",
            "version": "==21.4.0"
        },
        "ddtrace": {
            "hashes": [
                "sha256:056ac8382ffd5c1e6680e06597028d8f867d3ce640c906b40d4025d10ece22fa",
                "sha256:0801ea86c7f29fa86c43e445dab01b7d86bc23547fce8e46c3a966e4a7302f7a",
                "sha256:0980a646d9e90665e3af0137dcce84899dcf336fc1c9fede61c622f757dcda2f",
                "sha256:0e075608d030f6fa883fd69e91668ba322b413c2d5f3fd8fc93a30bab6944637",
                "sha256:0f4c1b4fe58d64d46d07e17bbd52002d2c2b6ea94344523ef3942cf3d62becbb",
                "sha256:1907c9b655728f3dcc6592e804ecee3129734e96c65ee30f95ac1fd01b802dce",
                "sha256:1dfe39a21e5ac299072bd8ed779cfcad4897a66228f552415ad55ecebcdb191c",
                "sha256:2e97d6480e6037623f1efdd7f3ba7376b4ac0089ed514fa397508d6e3d365f86",
                "sha256:2ea51f50804a9646688baddc0df77e5257b2cdd302676b3a0931f2b987ea48d4",
                "sha256:309bf51c5357200563923ff768080b8aaaebb88738a7001203faf79780f342cc",
                "sha256:34650eb16137643a36cb489e0e200cf994a75568bc6033e0b2a64b8ef13c670b",
                "sha256:37a3b2f67f97f05704bb2e21469f6e9d87a9be72f49309b40bf949bb8b9621e8",
                "sha256:3d3c72b9329f70ba2bc7cd13f4f71c66b06c2833329aa3670810ac6d59348f79",
                "sha256:3f04d6e3407b3059c069af766db42c24481658317c05e7be54222db076914692",
                "sha256:41f6342e15785dbccc214591a37331a2d99ab449bd7f0f32e75f88f6bc7f271e",
                "sha256:4850788aa3124b41ea95b1df5cc6e23045cd399e00a672bbf8f81bfa853de3c8",
                "sha256:4b3aacd3a81bf196a4902a08afbc64a4f367974376d84dc8f71c6911d84b2e9f",
                "sha256:523132df8388da107a4d0770d42138ecd41f01376728841aa6b2d7de73f53a0d",
                "sha256:55313949d04f8895ffab747dff34a56b7c54d1edb144cc0ef180b3083eb3f979",
                "sha256:5c9c2fb6990bb31e04a2e6298b01ec11b7a25285bdb5ba6647562085e6c18744",
                "sha256:5cf694d04df529789736047f1a199fda77fdb8ac8bac042b6d74cec7a67dd544",
                "sha256:610dfc8fd1c0ec034e1241b2ee4d127ac1c2d9dbc1c9703525d33c25431726c0",
                "sha256:6323759175e54562dec35c4451396b1d1b7113e0cc3bb3d82856c1f17bda7efa",
                "sha256:66043a6bf215fdb7d14fcd7a66bbeb22630b77d4f4941571c5adc18a0451d220",
                "sha256:75d9eb410e204771c11def4cc2de9d0d21c9624fef327895d2f58949089a00ef",
                "sha256:7d60f2b02512e1cc748921afe911931a28d8b0d91930508d02ecd68732517d71",
                "sha256:7fc3887b6d34d6f92746004631e7ea4d0d96f1c2ccf4826da7edffb9f17c1ad4",
                "sha256:804ba971b80841a9744e954e91677607ca41496e0d067ad05c6d7620c1cd0cdc",
                "sha256:82bd6720fd5461f67e4b82c2c4e3cb942f33acf29c05c0f0d19558915d5129d8",
                "sha256:878dc378ef892a3547f891fe634ecceb3f3860ba877838c4a0c1f23c92e418ee",
                "sha256:96153d50d7bca66d728de587003eba5afa468dce089f78e49a920f24f8adce78",
                "sha256:972ab95a85e3c6a997442402b326b569ab2b2442f1fb0c923e01dbfc8ad7f9d1",
                "sha256:97f5ad083d82f7685b61a7ff13add40c129530612679e33714c85756b2398fba",
                "sha256:98d3721d0f26a4648ee21a7fd6e3497f62ad581f3bdb5b7ee465046e76e7ea57",
                "sha256:a1f41f41e7fab4134c28595ccb2dddd612d8c30092dcd571464a8c58a12c1295",
                "sha256:a4cd36850f6935199c7752ffccaee84bd115989bffc8547086961425c90bb8f5",
                "sha256:a51411986a11737a0fe8a5d2351db4ab56b752eb64800a89ba863d93392c5f5b",
                "sha256:a59585a9ce3a98ca3de7d5f685e2b0d3568fd404221b4de06cd0af6a1d968e24",
                "sha256:a854adb4b81d77a9f183da64ec23388edd9e7137e455afdf92288605dfbbb385",
                "sha256:b70c47491470dc1b69aa40501787f6a928f1c9079dc7e5eee92a41777b3d869e",
                "sha256:bb9ebadaddb64f0a32ca2cf86dfc8d15d919197503b1c316de96b8f250d24d54",
                "sha256:bbf1fae1146d5731bcce0f83e078270cb50afefc7285b82391490e5e895acd17",
                "sha256:bc156c64702d4ee43461ee2eb2d512b2e4b5d733efe08f427e9450413edbaa49",
                "sha256:c71ef89ac12b966f3e08a92ef2683b39118e52fd64e398c37d12696a76b988e0",
                "sha256:cc25a1e3bbb8b73512b4ca2bf09a86c2a38a57841eef4b5509d13b73b6a5bcbc",
                "sha256:cd751e75139b556db5a6640091c71e904a431f946f1ad7608aa8ce4f3a549517",
                "sha256:ce70f5fed764bdb950d6b05e78aae3f49f894504df2718302bd23c4064ff14fb",
                "sha256:cfad00778420bace3f8bed7c0fadc9128015945bb42b03854fb28cf59767bbcc",
                "sha256:d005ddc580789740ba7ab7151592dce6ef63b85fe2c666578d514a7ca20c2407",
                "sha256:d4271f76210ffc67f1408c2934b90c958de8af7eca60fed6f737215e4baf51d3",
                "sha256:d8d243bfbacc2af9d33d701fcad791624dbb2cab3234e7afc1c7a392d86a8b14",
                "sha256:dd5805c5a7cf2665e6fef56a62158cdd5ba6f62d06bbe63344b5cb40a4c7014a",
                "sha256:dee68e1a631e07d4427de560007cb2558e8431c00ef4dfe5e17b8b29322a842a",
                "sha256:e29ebc69811893a2b287e8c0954a0a2d7b21f6a3ea6ab3f614a999308559edff",
                "sha256:e95fc85c7b4340c0797b1e42819edb276745d60550933486d56504662850e505",
                "sha256:ec710669ee4fc0bd5fe36c92fa716591b2826d2e805182261ca0d769f327c6b4",
                "sha256:edccdeea533d45e43087c66728aa0d1ab832138fcf0bd966693bb5b18b56646b",
                "sha256:f3b4da2bc6d45eb11f41f42073d5ed7ab65a1520e9bfcbd7b0a2a5ab6afd9dad",
                "sha256:f5cc38039267a33f95b6864b6c76d2c3e1ec03ad97b3ba3763209e37cac78ee9"
            ],
            "index": "pypi",
            "version": "==0.57.2"
        },
        "dj-database-url": {
            "hashes": [
                "sha256:4aeaeb1f573c74835b0686a2b46b85990571159ffc21aa57ecd4d1e1cb334163",
                "sha256:851785365761ebe4994a921b433062309eb882fedd318e1b0fcecc607ed02da9"
            ],
            "index": "pypi",
            "version": "==0.5.0"
        },
        "django": {
            "hashes": [
                "sha256:3da05fea54fdec2315b54a563d5b59f3b4e2b1e69c3a5841dda35019c01855cd",
                "sha256:c58b5f19c5ae0afe6d75cbdd7df561e6eb929339985dbbda2565e1cabb19a62e"
            ],
            "index": "pypi",
            "version": "==3.2.5"
        },
        "django-ajax-selects": {
            "hashes": [
                "sha256:d35a386d6bfc61b45a22de9648237df7f750dd37abf50203bbd694d03460397b",
                "sha256:e8246596d871f6d0206b2215148c44ae30bc7bd4563d639de812b0dd1b8d559d"
            ],
            "index": "pypi",
            "version": "==2.1.0"
        },
        "django-extensions": {
            "hashes": [
                "sha256:50de8977794a66a91575dd40f87d5053608f679561731845edbd325ceeb387e3",
                "sha256:5f0fea7bf131ca303090352577a9e7f8bfbf5489bd9d9c8aea9401db28db34a0"
            ],
            "index": "pypi",
            "version": "==3.1.3"
        },
        "djangorestframework": {
            "hashes": [
                "sha256:6d1d59f623a5ad0509fe0d6bfe93cbdfe17b8116ebc8eda86d45f6e16e819aaf",
                "sha256:f747949a8ddac876e879190df194b925c177cdeb725a099db1460872f7c0a7f2"
            ],
            "index": "pypi",
            "version": "==3.12.4"
        },
        "gunicorn": {
            "hashes": [
                "sha256:9dcc4547dbb1cb284accfb15ab5667a0e5d1881cc443e0677b4882a4067a807e",
                "sha256:e0a968b5ba15f8a328fdfd7ab1fcb5af4470c28aaf7e55df02a99bc13138e6e8"
            ],
            "index": "pypi",
            "version": "==20.1.0"
        },
        "iniconfig": {
            "hashes": [
                "sha256:011e24c64b7f47f6ebd835bb12a743f2fbe9a26d4cecaa7f53bc4f35ee9da8b3",
                "sha256:bc3af051d7d14b2ee5ef9969666def0cd1a000e121eaea580d4a313df4b37f32"
            ],
            "version": "==1.1.1"
        },
        "injector": {
            "hashes": [
                "sha256:9e6e7e63050630b2fc3fe1472bdc7ae5f98ca0242ca8506f562f3d9836170f91",
                "sha256:ced88ee14183b9f95b2cb6cdb17bf7382499fad187dee0dace6891874ae4b182"
            ],
            "index": "pypi",
            "version": "==0.18.4"
        },
        "packaging": {
            "hashes": [
                "sha256:dd47c42927d89ab911e606518907cc2d3a1f38bbd026385970643f9c5b8ecfeb",
                "sha256:ef103e05f519cdc783ae24ea4e2e0f508a9c99b2d4969652eed6a2e1ea5bd522"
            ],
            "markers": "python_version >= '3.6'",
            "version": "==21.3"
        },
        "pluggy": {
            "hashes": [
                "sha256:15b2acde666561e1298d71b523007ed7364de07029219b604cf808bfa1c765b0",
                "sha256:966c145cd83c96502c3c3868f50408687b38434af77734af1e9ca461a4081d2d"
            ],
            "markers": "python_version >= '2.7' and python_version not in '3.0, 3.1, 3.2, 3.3'",
            "version": "==0.13.1"
        },
        "protobuf": {
            "hashes": [
                "sha256:1291a0a7db7d792745c99d4657b4c5c4942695c8b1ac1bfb993a34035ec123f7",
                "sha256:18c40a1b8721026a85187640f1786d52407dc9c1ba8ec38accb57a46e84015f6",
                "sha256:1cb2ed66aac593adbf6dca4f07cd7ee7e2958b17bbc85b2cc8bc564ebeb258ec",
                "sha256:2acd7ca329be544d1a603d5f13a4e34a3791c90d651ebaf130ba2e43ae5397c6",
                "sha256:2cddcbcc222f3144765ccccdb35d3621dc1544da57a9aca7e1944c1a4fe3db11",
                "sha256:397d82f1c58b76445469c8c06b8dee1ff67b3053639d054f52599a458fac9bc6",
                "sha256:3bf3a07d17ba3511fe5fa916afb7351f482ab5dbab5afe71a7a384274a2cd550",
                "sha256:3f80a3491eaca767cdd86cb8660dc778f634b44abdb0dffc9b2a8e8d0cd617d0",
                "sha256:49677e5e9c7ea1245a90c2e8a00d304598f22ea3aa0628f0e0a530a9e70665fa",
                "sha256:544fe9705189b249380fae07952d220c97f5c6c9372a6f936cc83a79601dcb70",
                "sha256:6202df8ee8457cb00810c6e76ced480f22a1e4e02c899a14e7b6e6e1de09f938",
                "sha256:84bf3aa3efb00dbe1c7ed55da0f20800b0662541e582d7e62b3e1464d61ed365",
                "sha256:898bda9cd37ec0c781b598891e86435de80c3bfa53eb483a9dac5a11ec93e942",
                "sha256:8ad761ef3be34c8bdc7285bec4b40372a8dad9e70cfbdc1793cd3cf4c1a4ce74",
                "sha256:8ceaf5fdb72c8e1fcb7be9f2b3b07482ce058a3548180c0bdd5c7e4ac5e14165",
                "sha256:a9401d96552befcc7311f5ef8f0fa7dba0ef5fd805466b158b141606cd0ab6a8",
                "sha256:af7238849fa79285d448a24db686517570099739527a03c9c2971cce99cc5ae2",
                "sha256:afa8122de8064fd577f49ae9eef433561c8ace97a0a7b969d56e8b1d39b5d177",
                "sha256:b53519b2ebec70cfe24b4ddda21e9843f0918d7c3627a785393fb35d402ab8ad",
                "sha256:c781402ed5396ab56358d7b866d78c03a77cbc26ba0598d8bb0ac32084b1a257",
                "sha256:d975a6314fbf5c524d4981e24294739216b5fb81ef3c14b86fb4b045d6690907",
                "sha256:df2ba379ee42427e8fcc6a0a76843bff6efb34ef5266b17f95043939b5e25b69",
                "sha256:e54b8650e849ee8e95e481024bff92cf98f5ec61c7650cb838d928a140adcb63",
                "sha256:e765e6dfbbb02c55e4d6d1145743401a84fc0b508f5a81b2c5a738cf86353139",
                "sha256:ef02d112c025e83db5d1188a847e358beab3e4bbfbbaf10eaf69e67359af51b2",
                "sha256:f6d4b5b7595a57e69eb7314c67bef4a3c745b4caf91accaf72913d8e0635111b"
            ],
            "markers": "python_version >= '3.6'",
            "version": "==3.19.3"
        },
        "psycopg2-binary": {
            "hashes": [
                "sha256:0b7dae87f0b729922e06f85f667de7bf16455d411971b2043bbd9577af9d1975",
                "sha256:0f2e04bd2a2ab54fa44ee67fe2d002bb90cee1c0f1cc0ebc3148af7b02034cbd",
                "sha256:123c3fb684e9abfc47218d3784c7b4c47c8587951ea4dd5bc38b6636ac57f616",
                "sha256:1473c0215b0613dd938db54a653f68251a45a78b05f6fc21af4326f40e8360a2",
                "sha256:14db1752acdd2187d99cb2ca0a1a6dfe57fc65c3281e0f20e597aac8d2a5bd90",
                "sha256:1e3a362790edc0a365385b1ac4cc0acc429a0c0d662d829a50b6ce743ae61b5a",
                "sha256:1e85b74cbbb3056e3656f1cc4781294df03383127a8114cbc6531e8b8367bf1e",
                "sha256:1f6ca4a9068f5c5c57e744b4baa79f40e83e3746875cac3c45467b16326bab45",
                "sha256:20f1ab44d8c352074e2d7ca67dc00843067788791be373e67a0911998787ce7d",
                "sha256:24b0b6688b9f31a911f2361fe818492650795c9e5d3a1bc647acbd7440142a4f",
                "sha256:2f62c207d1740b0bde5c4e949f857b044818f734a3d57f1d0d0edc65050532ed",
                "sha256:3242b9619de955ab44581a03a64bdd7d5e470cc4183e8fcadd85ab9d3756ce7a",
                "sha256:35c4310f8febe41f442d3c65066ca93cccefd75013df3d8c736c5b93ec288140",
                "sha256:4235f9d5ddcab0b8dbd723dca56ea2922b485ea00e1dafacf33b0c7e840b3d32",
                "sha256:542875f62bc56e91c6eac05a0deadeae20e1730be4c6334d8f04c944fcd99759",
                "sha256:5ced67f1e34e1a450cdb48eb53ca73b60aa0af21c46b9b35ac3e581cf9f00e31",
                "sha256:661509f51531ec125e52357a489ea3806640d0ca37d9dada461ffc69ee1e7b6e",
                "sha256:7360647ea04db2e7dff1648d1da825c8cf68dc5fbd80b8fb5b3ee9f068dcd21a",
                "sha256:736b8797b58febabb85494142c627bd182b50d2a7ec65322983e71065ad3034c",
                "sha256:8c13d72ed6af7fd2c8acbd95661cf9477f94e381fce0792c04981a8283b52917",
                "sha256:988b47ac70d204aed01589ed342303da7c4d84b56c2f4c4b8b00deda123372bf",
                "sha256:995fc41ebda5a7a663a254a1dcac52638c3e847f48307b5416ee373da15075d7",
                "sha256:a36c7eb6152ba5467fb264d73844877be8b0847874d4822b7cf2d3c0cb8cdcb0",
                "sha256:aed4a9a7e3221b3e252c39d0bf794c438dc5453bc2963e8befe9d4cd324dff72",
                "sha256:aef9aee84ec78af51107181d02fe8773b100b01c5dfde351184ad9223eab3698",
                "sha256:b0221ca5a9837e040ebf61f48899926b5783668b7807419e4adae8175a31f773",
                "sha256:b4d7679a08fea64573c969f6994a2631908bb2c0e69a7235648642f3d2e39a68",
                "sha256:c250a7ec489b652c892e4f0a5d122cc14c3780f9f643e1a326754aedf82d9a76",
                "sha256:ca86db5b561b894f9e5f115d6a159fff2a2570a652e07889d8a383b5fae66eb4",
                "sha256:cfc523edecddaef56f6740d7de1ce24a2fdf94fd5e704091856a201872e37f9f",
                "sha256:d92272c7c16e105788efe2cfa5d680f07e34e0c29b03c1908f8636f55d5f915a",
                "sha256:da113b70f6ec40e7d81b43d1b139b9db6a05727ab8be1ee559f3a69854a69d34",
                "sha256:ebccf1123e7ef66efc615a68295bf6fdba875a75d5bba10a05073202598085fc",
                "sha256:f6fac64a38f6768e7bc7b035b9e10d8a538a9fadce06b983fb3e6fa55ac5f5ce",
                "sha256:f8559617b1fcf59a9aedba2c9838b5b6aa211ffedecabca412b92a1ff75aac1a",
                "sha256:fbb42a541b1093385a2d8c7eec94d26d30437d0e77c1d25dae1dcc46741a385e"
            ],
            "index": "pypi",
            "version": "==2.9.1"
        },
        "py": {
            "hashes": [
                "sha256:51c75c4126074b472f746a24399ad32f6053d1b34b68d2fa41e558e6f4a98719",
                "sha256:607c53218732647dff4acdfcd50cb62615cedf612e72d1724fb1a0cc6405b378"
            ],
            "markers": "python_version >= '2.7' and python_version not in '3.0, 3.1, 3.2, 3.3, 3.4'",
            "version": "==1.11.0"
        },
        "pyparsing": {
            "hashes": [
                "sha256:18ee9022775d270c55187733956460083db60b37d0d0fb357445f3094eed3eea",
                "sha256:a6c06a88f252e6c322f65faf8f418b16213b51bdfaece0524c1c1bc30c63c484"
            ],
            "markers": "python_version >= '3.6'",
            "version": "==3.0.7"
        },
        "pytest": {
            "hashes": [
                "sha256:50bcad0a0b9c5a72c8e4e7c9855a3ad496ca6a881a3641b4260605450772c54b",
                "sha256:91ef2131a9bd6be8f76f1f08eac5c5317221d6ad1e143ae03894b862e8976890"
            ],
            "index": "pypi",
            "version": "==6.2.4"
        },
        "pytest-django": {
            "hashes": [
                "sha256:65783e78382456528bd9d79a35843adde9e6a47347b20464eb2c885cb0f1f606",
                "sha256:b5171e3798bf7e3fc5ea7072fe87324db67a4dd9f1192b037fed4cc3c1b7f455"
            ],
            "index": "pypi",
            "version": "==4.4.0"
        },
        "python-json-logger": {
            "hashes": [
                "sha256:202a4f29901a4b8002a6d1b958407eeb2dd1d83c18b18b816f5b64476dde9096",
                "sha256:99310d148f054e858cd5f4258794ed6777e7ad2c3fd7e1c1b527f1cba4d08420"
            ],
            "index": "pypi",
            "version": "==2.0.2"
        },
        "pytz": {
            "hashes": [
                "sha256:3672058bc3453457b622aab7a1c3bfd5ab0bdae451512f6cf25f64ed37f5b87c",
                "sha256:acad2d8b20a1af07d4e4c9d2e9285c5ed9104354062f275f3fcd88dcef4f1326"
            ],
            "version": "==2021.3"
        },
        "six": {
            "hashes": [
                "sha256:1e61c37477a1626458e36f7b1d82aa5c9b094fa4802892072e49de9c60c4c926",
                "sha256:8abb2f1d86890a2dfb989f9a77cfcfd3e47c2a354b01111771326f8aa26e0254"
            ],
            "markers": "python_version >= '2.7' and python_version not in '3.0, 3.1, 3.2, 3.3'",
            "version": "==1.16.0"
        },
        "sqlparse": {
            "hashes": [
                "sha256:0c00730c74263a94e5a9919ade150dfc3b19c574389985446148402998287dae",
                "sha256:48719e356bb8b42991bdbb1e8b83223757b93789c00910a616a071910ca4a64d"
            ],
            "markers": "python_version >= '3.5'",
            "version": "==0.4.2"
        },
        "tenacity": {
            "hashes": [
                "sha256:43242a20e3e73291a28bcbcacfd6e000b02d3857a9a9fff56b297a27afdc932f",
                "sha256:f78f4ea81b0fabc06728c11dc2a8c01277bfc5181b321a4770471902e3eb844a"
            ],
            "markers": "python_version >= '3.6'",
            "version": "==8.0.1"
        },
        "toml": {
            "hashes": [
                "sha256:806143ae5bfb6a3c6e736a764057db0e6a0e05e338b5630894a5f779cabb4f9b",
                "sha256:b3bda1d108d5dd99f4a20d24d9c348e91c4db7ab1b749200bded2f839ccbe68f"
            ],
            "markers": "python_version >= '2.6' and python_version not in '3.0, 3.1, 3.2, 3.3'",
            "version": "==0.10.2"
        },
        "uritemplate": {
            "hashes": [
                "sha256:07620c3f3f8eed1f12600845892b0e036a2420acf513c53f7de0abd911a5894f",
                "sha256:5af8ad10cec94f215e3f48112de2022e1d5a37ed427fbd88652fa908f2ab7cae"
            ],
            "index": "pypi",
            "version": "==3.0.1"
        }
    },
    "develop": {}
}
